
Microsoft Visual Studio Solution File, Format Version 12.00
# Visual Studio 15
VisualStudioVersion = 15.0.28010.2050
MinimumVisualStudioVersion = 10.0.40219.1
Project("{FAE04EC0-301F-11D3-BF4B-00C04F79EFBC}") = "Assignments5", "Assignments5\Assignments5.csproj", "{26D772AA-FD59-4E6F-92EF-D3A85E63E120}"
EndProject
Global
	GlobalSection(SolutionConfigurationPlatforms) = preSolution
		Debug|Any CPU = Debug|Any CPU
		Release|Any CPU = Release|Any CPU
	EndGlobalSection
	GlobalSection(ProjectConfigurationPlatforms) = postSolution
		{26D772AA-FD59-4E6F-92EF-D3A85E63E120}.Debug|Any CPU.ActiveCfg = Debug|Any CPU
		{26D772AA-FD59-4E6F-92EF-D3A85E63E120}.Debug|Any CPU.Build.0 = Debug|Any CPU
		{26D772AA-FD59-4E6F-92EF-D3A85E63E120}.Release|Any CPU.ActiveCfg = Release|Any CPU
		{26D772AA-FD59-4E6F-92EF-D3A85E63E120}.Release|Any CPU.Build.0 = Release|Any CPU
	EndGlobalSection
	GlobalSection(SolutionProperties) = preSolution
		HideSolutionNode = FALSE
	EndGlobalSection
	GlobalSection(ExtensibilityGlobals) = postSolution
		SolutionGuid = {1B4908CC-4006-419D-A1F3-A8394B4CA2DB}
	EndGlobalSection
EndGlobal
