
Microsoft Visual Studio Solution File, Format Version 12.00
# Visual Studio 15
VisualStudioVersion = 15.0.28010.2050
MinimumVisualStudioVersion = 10.0.40219.1
Project("{FAE04EC0-301F-11D3-BF4B-00C04F79EFBC}") = "Assignment4", "Assignment4\Assignment4.csproj", "{102F5D39-B52B-4803-B6E2-98707757C065}"
EndProject
Global
	GlobalSection(SolutionConfigurationPlatforms) = preSolution
		Debug|Any CPU = Debug|Any CPU
		Release|Any CPU = Release|Any CPU
	EndGlobalSection
	GlobalSection(ProjectConfigurationPlatforms) = postSolution
		{102F5D39-B52B-4803-B6E2-98707757C065}.Debug|Any CPU.ActiveCfg = Debug|Any CPU
		{102F5D39-B52B-4803-B6E2-98707757C065}.Debug|Any CPU.Build.0 = Debug|Any CPU
		{102F5D39-B52B-4803-B6E2-98707757C065}.Release|Any CPU.ActiveCfg = Release|Any CPU
		{102F5D39-B52B-4803-B6E2-98707757C065}.Release|Any CPU.Build.0 = Release|Any CPU
	EndGlobalSection
	GlobalSection(SolutionProperties) = preSolution
		HideSolutionNode = FALSE
	EndGlobalSection
	GlobalSection(ExtensibilityGlobals) = postSolution
		SolutionGuid = {97B50D43-B677-4DFD-A39A-EDA36F8852A7}
	EndGlobalSection
EndGlobal
